
Microsoft Visual Studio Solution File, Format Version 12.00
# Visual Studio 15
VisualStudioVersion = 15.0.28010.2026
MinimumVisualStudioVersion = 10.0.40219.1
Project("{FAE04EC0-301F-11D3-BF4B-00C04F79EFBC}") = "AreaFigure", "GetAreaFigure\AreaFigure.csproj", "{202EA9D0-FA9B-4EA0-82DF-83FB098C37A8}"
EndProject
Project("{FAE04EC0-301F-11D3-BF4B-00C04F79EFBC}") = "UnitTestAreaFigure", "UnitTestAreaFigure\UnitTestAreaFigure.csproj", "{F1A8678A-DBC3-4F29-8FBF-EEE9B578656E}"
EndProject
Project("{2150E333-8FDC-42A3-9474-1A3956D46DE8}") = "SQL Source", "SQL Source", "{2837E56F-BA89-46A2-A78B-F53E8E86FB7E}"
	ProjectSection(SolutionItems) = preProject
		SQLSource.sql = SQLSource.sql
	EndProjectSection
EndProject
Global
	GlobalSection(SolutionConfigurationPlatforms) = preSolution
		Debug|Any CPU = Debug|Any CPU
		Debug|ARM = Debug|ARM
		Debug|x64 = Debug|x64
		Debug|x86 = Debug|x86
		Release|Any CPU = Release|Any CPU
		Release|ARM = Release|ARM
		Release|x64 = Release|x64
		Release|x86 = Release|x86
	EndGlobalSection
	GlobalSection(ProjectConfigurationPlatforms) = postSolution
		{202EA9D0-FA9B-4EA0-82DF-83FB098C37A8}.Debug|Any CPU.ActiveCfg = Debug|Any CPU
		{202EA9D0-FA9B-4EA0-82DF-83FB098C37A8}.Debug|Any CPU.Build.0 = Debug|Any CPU
		{202EA9D0-FA9B-4EA0-82DF-83FB098C37A8}.Debug|ARM.ActiveCfg = Debug|Any CPU
		{202EA9D0-FA9B-4EA0-82DF-83FB098C37A8}.Debug|ARM.Build.0 = Debug|Any CPU
		{202EA9D0-FA9B-4EA0-82DF-83FB098C37A8}.Debug|x64.ActiveCfg = Debug|Any CPU
		{202EA9D0-FA9B-4EA0-82DF-83FB098C37A8}.Debug|x64.Build.0 = Debug|Any CPU
		{202EA9D0-FA9B-4EA0-82DF-83FB098C37A8}.Debug|x86.ActiveCfg = Debug|Any CPU
		{202EA9D0-FA9B-4EA0-82DF-83FB098C37A8}.Debug|x86.Build.0 = Debug|Any CPU
		{202EA9D0-FA9B-4EA0-82DF-83FB098C37A8}.Release|Any CPU.ActiveCfg = Release|Any CPU
		{202EA9D0-FA9B-4EA0-82DF-83FB098C37A8}.Release|Any CPU.Build.0 = Release|Any CPU
		{202EA9D0-FA9B-4EA0-82DF-83FB098C37A8}.Release|ARM.ActiveCfg = Release|Any CPU
		{202EA9D0-FA9B-4EA0-82DF-83FB098C37A8}.Release|ARM.Build.0 = Release|Any CPU
		{202EA9D0-FA9B-4EA0-82DF-83FB098C37A8}.Release|x64.ActiveCfg = Release|Any CPU
		{202EA9D0-FA9B-4EA0-82DF-83FB098C37A8}.Release|x64.Build.0 = Release|Any CPU
		{202EA9D0-FA9B-4EA0-82DF-83FB098C37A8}.Release|x86.ActiveCfg = Release|Any CPU
		{202EA9D0-FA9B-4EA0-82DF-83FB098C37A8}.Release|x86.Build.0 = Release|Any CPU
		{F1A8678A-DBC3-4F29-8FBF-EEE9B578656E}.Debug|Any CPU.ActiveCfg = Debug|Any CPU
		{F1A8678A-DBC3-4F29-8FBF-EEE9B578656E}.Debug|Any CPU.Build.0 = Debug|Any CPU
		{F1A8678A-DBC3-4F29-8FBF-EEE9B578656E}.Debug|ARM.ActiveCfg = Debug|Any CPU
		{F1A8678A-DBC3-4F29-8FBF-EEE9B578656E}.Debug|ARM.Build.0 = Debug|Any CPU
		{F1A8678A-DBC3-4F29-8FBF-EEE9B578656E}.Debug|x64.ActiveCfg = Debug|Any CPU
		{F1A8678A-DBC3-4F29-8FBF-EEE9B578656E}.Debug|x64.Build.0 = Debug|Any CPU
		{F1A8678A-DBC3-4F29-8FBF-EEE9B578656E}.Debug|x86.ActiveCfg = Debug|Any CPU
		{F1A8678A-DBC3-4F29-8FBF-EEE9B578656E}.Debug|x86.Build.0 = Debug|Any CPU
		{F1A8678A-DBC3-4F29-8FBF-EEE9B578656E}.Release|Any CPU.ActiveCfg = Release|Any CPU
		{F1A8678A-DBC3-4F29-8FBF-EEE9B578656E}.Release|Any CPU.Build.0 = Release|Any CPU
		{F1A8678A-DBC3-4F29-8FBF-EEE9B578656E}.Release|ARM.ActiveCfg = Release|Any CPU
		{F1A8678A-DBC3-4F29-8FBF-EEE9B578656E}.Release|ARM.Build.0 = Release|Any CPU
		{F1A8678A-DBC3-4F29-8FBF-EEE9B578656E}.Release|x64.ActiveCfg = Release|Any CPU
		{F1A8678A-DBC3-4F29-8FBF-EEE9B578656E}.Release|x64.Build.0 = Release|Any CPU
		{F1A8678A-DBC3-4F29-8FBF-EEE9B578656E}.Release|x86.ActiveCfg = Release|Any CPU
		{F1A8678A-DBC3-4F29-8FBF-EEE9B578656E}.Release|x86.Build.0 = Release|Any CPU
	EndGlobalSection
	GlobalSection(SolutionProperties) = preSolution
		HideSolutionNode = FALSE
	EndGlobalSection
	GlobalSection(ExtensibilityGlobals) = postSolution
		SolutionGuid = {DBFEBD8C-CE78-4CAE-9954-A15B78A58305}
	EndGlobalSection
EndGlobal
